
Microsoft Visual Studio Solution File, Format Version 12.00
# Visual Studio Version 16
VisualStudioVersion = 16.0.30907.101
MinimumVisualStudioVersion = 10.0.40219.1
Project("{FAE04EC0-301F-11D3-BF4B-00C04F79EFBC}") = "SalesWebMVC", "SalesWebMVC\SalesWebMVC.csproj", "{3E6AC72F-C87D-49A6-BE92-C8AD66327DD8}"
EndProject
Global
	GlobalSection(SolutionConfigurationPlatforms) = preSolution
		Debug|Any CPU = Debug|Any CPU
		Release|Any CPU = Release|Any CPU
	EndGlobalSection
	GlobalSection(ProjectConfigurationPlatforms) = postSolution
		{3E6AC72F-C87D-49A6-BE92-C8AD66327DD8}.Debug|Any CPU.ActiveCfg = Debug|Any CPU
		{3E6AC72F-C87D-49A6-BE92-C8AD66327DD8}.Debug|Any CPU.Build.0 = Debug|Any CPU
		{3E6AC72F-C87D-49A6-BE92-C8AD66327DD8}.Release|Any CPU.ActiveCfg = Release|Any CPU
		{3E6AC72F-C87D-49A6-BE92-C8AD66327DD8}.Release|Any CPU.Build.0 = Release|Any CPU
	EndGlobalSection
	GlobalSection(SolutionProperties) = preSolution
		HideSolutionNode = FALSE
	EndGlobalSection
	GlobalSection(ExtensibilityGlobals) = postSolution
		SolutionGuid = {83CF391C-561B-4C47-95E3-71075E4DDEB4}
	EndGlobalSection
EndGlobal
